
Microsoft Visual Studio Solution File, Format Version 12.00
# Visual Studio 15
VisualStudioVersion = 15.0.28307.329
MinimumVisualStudioVersion = 10.0.40219.1
Project("{8BC9CEB8-8B4A-11D0-8D11-00A0C91BC942}") = "territory", "territory\territory.vcxproj", "{951225A7-73B6-4FF8-A745-3C7F4D19D7BB}"
EndProject
Global
	GlobalSection(SolutionConfigurationPlatforms) = preSolution
		Debug|x64 = Debug|x64
		Debug|x86 = Debug|x86
		Release|x64 = Release|x64
		Release|x86 = Release|x86
	EndGlobalSection
	GlobalSection(ProjectConfigurationPlatforms) = postSolution
		{951225A7-73B6-4FF8-A745-3C7F4D19D7BB}.Debug|x64.ActiveCfg = Debug|x64
		{951225A7-73B6-4FF8-A745-3C7F4D19D7BB}.Debug|x64.Build.0 = Debug|x64
		{951225A7-73B6-4FF8-A745-3C7F4D19D7BB}.Debug|x86.ActiveCfg = Debug|Win32
		{951225A7-73B6-4FF8-A745-3C7F4D19D7BB}.Debug|x86.Build.0 = Debug|Win32
		{951225A7-73B6-4FF8-A745-3C7F4D19D7BB}.Release|x64.ActiveCfg = Release|x64
		{951225A7-73B6-4FF8-A745-3C7F4D19D7BB}.Release|x64.Build.0 = Release|x64
		{951225A7-73B6-4FF8-A745-3C7F4D19D7BB}.Release|x86.ActiveCfg = Release|Win32
		{951225A7-73B6-4FF8-A745-3C7F4D19D7BB}.Release|x86.Build.0 = Release|Win32
	EndGlobalSection
	GlobalSection(SolutionProperties) = preSolution
		HideSolutionNode = FALSE
	EndGlobalSection
	GlobalSection(ExtensibilityGlobals) = postSolution
		SolutionGuid = {6974E3A4-29F6-4A5A-95ED-6B1D5DFD8CC2}
	EndGlobalSection
EndGlobal
